#MicroXplorer Configuration settings - do not modify
Mcu.Family=STM32F4
ProjectManager.MainLocation=Core/Src
ProjectManager.ProjectFileName=Emvedded_OS_FinalProject.ioc
RCC.CortexFreq_Value=16000000
UART4.IPParameters=VirtualMode
ProjectManager.KeepUserCode=true
Mcu.UserName=STM32F407VGTx
Mcu.PinsNb=5
ProjectManager.NoMain=false
RCC.PLLCLKFreq_Value=96000000
VP_SYS_VS_tim7.Mode=TIM7
RCC.PLLQCLKFreq_Value=48000000
ProjectManager.functionlistsort=1-MX_GPIO_Init-GPIO-false-HAL-true,2-SystemClock_Config-RCC-false-HAL-false,3-MX_UART4_Init-UART4-false-HAL-true
RCC.RTCFreq_Value=32000
ProjectManager.DefaultFWLocation=true
ProjectManager.DeletePrevious=true
UART4.VirtualMode=Asynchronous
PinOutPanel.RotationAngle=0
RCC.FamilyName=M
ProjectManager.StackSize=0x400
PA0-WKUP.Signal=UART4_TX
PA0-WKUP.Mode=Asynchronous
PA13.Signal=SYS_JTMS-SWDIO
Mcu.IP2=SYS
NVIC.SVCall_IRQn=true\:0\:0\:false\:false\:true\:false\:false
Mcu.IP3=UART4
Mcu.IP0=NVIC
Mcu.IP1=RCC
Mcu.UserConstants=
ProjectManager.TargetToolchain=STM32CubeIDE
Mcu.ThirdPartyNb=0
Mcu.IPNb=4
RCC.I2SClocksFreq_Value=96000000
ProjectManager.PreviousToolchain=
RCC.VcooutputI2S=96000000
ProjectManager.RegisterCallBack=
RCC.LSE_VALUE=32768
PA1.Signal=UART4_RX
RCC.AHBFreq_Value=16000000
Mcu.Pin0=PA0-WKUP
Mcu.Pin1=PA1
Mcu.Pin2=PA13
Mcu.Pin3=PA14
Mcu.Pin4=VP_SYS_VS_tim7
RCC.VCOI2SOutputFreq_Value=192000000
ProjectManager.ProjectBuild=false
RCC.HSE_VALUE=25000000
NVIC.UsageFault_IRQn=true\:0\:0\:false\:false\:true\:false\:false
NVIC.DebugMonitor_IRQn=true\:0\:0\:false\:false\:true\:false\:false
board=custom
RCC.VCOOutputFreq_Value=192000000
NVIC.SysTick_IRQn=true\:0\:0\:false\:false\:true\:false\:true
ProjectManager.LastFirmware=true
VP_SYS_VS_tim7.Signal=SYS_VS_tim7
ProjectManager.FirmwarePackage=STM32Cube FW_F4 V1.26.1
MxDb.Version=DB.6.0.21
RCC.APB2Freq_Value=16000000
PA1.Mode=Asynchronous
ProjectManager.BackupPrevious=false
MxCube.Version=6.2.1
RCC.VCOInputFreq_Value=1000000
PA14.Mode=Serial_Wire
File.Version=6
NVIC.NonMaskableInt_IRQn=true\:0\:0\:false\:false\:true\:false\:false
NVIC.PendSV_IRQn=true\:0\:0\:false\:false\:true\:false\:false
PA13.Mode=Serial_Wire
ProjectManager.FreePins=false
RCC.IPParameters=AHBFreq_Value,APB1Freq_Value,APB2Freq_Value,CortexFreq_Value,FamilyName,HSE_VALUE,HSI_VALUE,I2SClocksFreq_Value,LSE_VALUE,LSI_VALUE,PLLCLKFreq_Value,PLLQCLKFreq_Value,RTCFreq_Value,RTCHSEDivFreq_Value,SYSCLKFreq_VALUE,VCOI2SOutputFreq_Value,VCOInputFreq_Value,VCOOutputFreq_Value,VcooutputI2S
ProjectManager.AskForMigrate=true
Mcu.Name=STM32F407V(E-G)Tx
ProjectManager.HalAssertFull=false
RCC.RTCHSEDivFreq_Value=12500000
ProjectManager.ProjectName=Emvedded_OS_FinalProject
ProjectManager.UnderRoot=true
ProjectManager.CoupleFile=false
RCC.SYSCLKFreq_VALUE=16000000
Mcu.Package=LQFP100
NVIC.TimeBase=TIM7_IRQn
NVIC.ForceEnableDMAVector=true
KeepUserPlacement=false
NVIC.MemoryManagement_IRQn=true\:0\:0\:false\:false\:true\:false\:false
ProjectManager.CompilerOptimize=6
ProjectManager.ToolChainLocation=
RCC.LSI_VALUE=32000
NVIC.TimeBaseIP=TIM7
PA14.Signal=SYS_JTCK-SWCLK
ProjectManager.HeapSize=0x200
NVIC.HardFault_IRQn=true\:0\:0\:false\:false\:true\:false\:false
ProjectManager.ComputerToolchain=false
RCC.HSI_VALUE=16000000
NVIC.PriorityGroup=NVIC_PRIORITYGROUP_4
NVIC.BusFault_IRQn=true\:0\:0\:false\:false\:true\:false\:false
RCC.APB1Freq_Value=16000000
NVIC.TIM7_IRQn=true\:0\:0\:false\:false\:true\:false\:true
ProjectManager.CustomerFirmwarePackage=
ProjectManager.DeviceId=STM32F407VGTx
ProjectManager.LibraryCopy=1
isbadioc=false
